
Microsoft Visual Studio Solution File, Format Version 12.00
# Visual Studio Version 16
VisualStudioVersion = 16.0.31229.75
MinimumVisualStudioVersion = 10.0.40219.1
Project("{8BC9CEB8-8B4A-11D0-8D11-00A0C91BC942}") = "WordGame", "WordGame\WordGame.vcxproj", "{06B69C6A-0986-4085-8B3E-0013B8DFA168}"
EndProject
Global
	GlobalSection(SolutionConfigurationPlatforms) = preSolution
		Debug|x64 = Debug|x64
		Debug|x86 = Debug|x86
		Release|x64 = Release|x64
		Release|x86 = Release|x86
	EndGlobalSection
	GlobalSection(ProjectConfigurationPlatforms) = postSolution
		{06B69C6A-0986-4085-8B3E-0013B8DFA168}.Debug|x64.ActiveCfg = Debug|x64
		{06B69C6A-0986-4085-8B3E-0013B8DFA168}.Debug|x64.Build.0 = Debug|x64
		{06B69C6A-0986-4085-8B3E-0013B8DFA168}.Debug|x86.ActiveCfg = Debug|Win32
		{06B69C6A-0986-4085-8B3E-0013B8DFA168}.Debug|x86.Build.0 = Debug|Win32
		{06B69C6A-0986-4085-8B3E-0013B8DFA168}.Release|x64.ActiveCfg = Release|x64
		{06B69C6A-0986-4085-8B3E-0013B8DFA168}.Release|x64.Build.0 = Release|x64
		{06B69C6A-0986-4085-8B3E-0013B8DFA168}.Release|x86.ActiveCfg = Release|Win32
		{06B69C6A-0986-4085-8B3E-0013B8DFA168}.Release|x86.Build.0 = Release|Win32
	EndGlobalSection
	GlobalSection(SolutionProperties) = preSolution
		HideSolutionNode = FALSE
	EndGlobalSection
	GlobalSection(ExtensibilityGlobals) = postSolution
		SolutionGuid = {6B5162C6-9926-42EE-BC01-F2EB2EBBCB44}
	EndGlobalSection
EndGlobal
